// !$*UTF8*$!
{
	archiveVersion = 1;
	classes = {
	};
	objectVersion = 50;
	objects = {

/* Begin PBXBuildFile section */
		60983BDF22B1CFA600C147F8 /* AppDelegate.swift in Sources */ = {isa = PBXBuildFile; fileRef = 60983BDE22B1CFA600C147F8 /* AppDelegate.swift */; };
		60983BE122B1CFA600C147F8 /* ViewController.swift in Sources */ = {isa = PBXBuildFile; fileRef = 60983BE022B1CFA600C147F8 /* ViewController.swift */; };
		60983BE422B1CFA600C147F8 /* Main.storyboard in Resources */ = {isa = PBXBuildFile; fileRef = 60983BE222B1CFA600C147F8 /* Main.storyboard */; };
		60983BE722B1CFA600C147F8 /* Practica_3.xcdatamodeld in Sources */ = {isa = PBXBuildFile; fileRef = 60983BE522B1CFA600C147F8 /* Practica_3.xcdatamodeld */; };
		60983BE922B1CFAB00C147F8 /* Assets.xcassets in Resources */ = {isa = PBXBuildFile; fileRef = 60983BE822B1CFAB00C147F8 /* Assets.xcassets */; };
		60983BEC22B1CFAB00C147F8 /* LaunchScreen.storyboard in Resources */ = {isa = PBXBuildFile; fileRef = 60983BEA22B1CFAB00C147F8 /* LaunchScreen.storyboard */; };
		60983BF722B1CFAB00C147F8 /* Practica_3Tests.swift in Sources */ = {isa = PBXBuildFile; fileRef = 60983BF622B1CFAB00C147F8 /* Practica_3Tests.swift */; };
		60983C0222B1CFAB00C147F8 /* Practica_3UITests.swift in Sources */ = {isa = PBXBuildFile; fileRef = 60983C0122B1CFAB00C147F8 /* Practica_3UITests.swift */; };
		60983C1022B1D31F00C147F8 /* MoreViewController.swift in Sources */ = {isa = PBXBuildFile; fileRef = 60983C0F22B1D31F00C147F8 /* MoreViewController.swift */; };
		60983C1322B1D43100C147F8 /* TaskModel.swift in Sources */ = {isa = PBXBuildFile; fileRef = 60983C1222B1D43100C147F8 /* TaskModel.swift */; };
/* End PBXBuildFile section */

/* Begin PBXContainerItemProxy section */
		60983BF322B1CFAB00C147F8 /* PBXContainerItemProxy */ = {
			isa = PBXContainerItemProxy;
			containerPortal = 60983BD322B1CFA600C147F8 /* Project object */;
			proxyType = 1;
			remoteGlobalIDString = 60983BDA22B1CFA600C147F8;
			remoteInfo = Practica_3;
		};
		60983BFE22B1CFAB00C147F8 /* PBXContainerItemProxy */ = {
			isa = PBXContainerItemProxy;
			containerPortal = 60983BD322B1CFA600C147F8 /* Project object */;
			proxyType = 1;
			remoteGlobalIDString = 60983BDA22B1CFA600C147F8;
			remoteInfo = Practica_3;
		};
/* End PBXContainerItemProxy section */

/* Begin PBXFileReference section */
		60983BDB22B1CFA600C147F8 /* Practica_3.app */ = {isa = PBXFileReference; explicitFileType = wrapper.application; includeInIndex = 0; path = Practica_3.app; sourceTree = BUILT_PRODUCTS_DIR; };
		60983BDE22B1CFA600C147F8 /* AppDelegate.swift */ = {isa = PBXFileReference; lastKnownFileType = sourcecode.swift; path = AppDelegate.swift; sourceTree = "<group>"; };
		60983BE022B1CFA600C147F8 /* ViewController.swift */ = {isa = PBXFileReference; lastKnownFileType = sourcecode.swift; path = ViewController.swift; sourceTree = "<group>"; };
		60983BE322B1CFA600C147F8 /* Base */ = {isa = PBXFileReference; lastKnownFileType = file.storyboard; name = Base; path = Base.lproj/Main.storyboard; sourceTree = "<group>"; };
		60983BE622B1CFA600C147F8 /* Practica_3.xcdatamodel */ = {isa = PBXFileReference; lastKnownFileType = wrapper.xcdatamodel; path = Practica_3.xcdatamodel; sourceTree = "<group>"; };
		60983BE822B1CFAB00C147F8 /* Assets.xcassets */ = {isa = PBXFileReference; lastKnownFileType = folder.assetcatalog; path = Assets.xcassets; sourceTree = "<group>"; };
		60983BEB22B1CFAB00C147F8 /* Base */ = {isa = PBXFileReference; lastKnownFileType = file.storyboard; name = Base; path = Base.lproj/LaunchScreen.storyboard; sourceTree = "<group>"; };
		60983BED22B1CFAB00C147F8 /* Info.plist */ = {isa = PBXFileReference; lastKnownFileType = text.plist.xml; path = Info.plist; sourceTree = "<group>"; };
		60983BF222B1CFAB00C147F8 /* Practica_3Tests.xctest */ = {isa = PBXFileReference; explicitFileType = wrapper.cfbundle; includeInIndex = 0; path = Practica_3Tests.xctest; sourceTree = BUILT_PRODUCTS_DIR; };
		60983BF622B1CFAB00C147F8 /* Practica_3Tests.swift */ = {isa = PBXFileReference; lastKnownFileType = sourcecode.swift; path = Practica_3Tests.swift; sourceTree = "<group>"; };
		60983BF822B1CFAB00C147F8 /* Info.plist */ = {isa = PBXFileReference; lastKnownFileType = text.plist.xml; path = Info.plist; sourceTree = "<group>"; };
		60983BFD22B1CFAB00C147F8 /* Practica_3UITests.xctest */ = {isa = PBXFileReference; explicitFileType = wrapper.cfbundle; includeInIndex = 0; path = Practica_3UITests.xctest; sourceTree = BUILT_PRODUCTS_DIR; };
		60983C0122B1CFAB00C147F8 /* Practica_3UITests.swift */ = {isa = PBXFileReference; lastKnownFileType = sourcecode.swift; path = Practica_3UITests.swift; sourceTree = "<group>"; };
		60983C0322B1CFAB00C147F8 /* Info.plist */ = {isa = PBXFileReference; lastKnownFileType = text.plist.xml; path = Info.plist; sourceTree = "<group>"; };
		60983C0F22B1D31F00C147F8 /* MoreViewController.swift */ = {isa = PBXFileReference; lastKnownFileType = sourcecode.swift; path = MoreViewController.swift; sourceTree = "<group>"; };
		60983C1222B1D43100C147F8 /* TaskModel.swift */ = {isa = PBXFileReference; lastKnownFileType = sourcecode.swift; path = TaskModel.swift; sourceTree = "<group>"; };
/* End PBXFileReference section */

/* Begin PBXFrameworksBuildPhase section */
		60983BD822B1CFA600C147F8 /* Frameworks */ = {
			isa = PBXFrameworksBuildPhase;
			buildActionMask = 2147483647;
			files = (
			);
			runOnlyForDeploymentPostprocessing = 0;
		};
		60983BEF22B1CFAB00C147F8 /* Frameworks */ = {
			isa = PBXFrameworksBuildPhase;
			buildActionMask = 2147483647;
			files = (
			);
			runOnlyForDeploymentPostprocessing = 0;
		};
		60983BFA22B1CFAB00C147F8 /* Frameworks */ = {
			isa = PBXFrameworksBuildPhase;
			buildActionMask = 2147483647;
			files = (
			);
			runOnlyForDeploymentPostprocessing = 0;
		};
/* End PBXFrameworksBuildPhase section */

/* Begin PBXGroup section */
		60983BD222B1CFA600C147F8 = {
			isa = PBXGroup;
			children = (
				60983BDD22B1CFA600C147F8 /* Practica_3 */,
				60983BF522B1CFAB00C147F8 /* Practica_3Tests */,
				60983C0022B1CFAB00C147F8 /* Practica_3UITests */,
				60983BDC22B1CFA600C147F8 /* Products */,
			);
			sourceTree = "<group>";
		};
		60983BDC22B1CFA600C147F8 /* Products */ = {
			isa = PBXGroup;
			children = (
				60983BDB22B1CFA600C147F8 /* Practica_3.app */,
				60983BF222B1CFAB00C147F8 /* Practica_3Tests.xctest */,
				60983BFD22B1CFAB00C147F8 /* Practica_3UITests.xctest */,
			);
			name = Products;
			sourceTree = "<group>";
		};
		60983BDD22B1CFA600C147F8 /* Practica_3 */ = {
			isa = PBXGroup;
			children = (
				60983C1122B1D3FE00C147F8 /* Models */,
				60983BDE22B1CFA600C147F8 /* AppDelegate.swift */,
				60983BE022B1CFA600C147F8 /* ViewController.swift */,
				60983BE222B1CFA600C147F8 /* Main.storyboard */,
				60983BE822B1CFAB00C147F8 /* Assets.xcassets */,
				60983BEA22B1CFAB00C147F8 /* LaunchScreen.storyboard */,
				60983BED22B1CFAB00C147F8 /* Info.plist */,
				60983BE522B1CFA600C147F8 /* Practica_3.xcdatamodeld */,
				60983C0F22B1D31F00C147F8 /* MoreViewController.swift */,
			);
			path = Practica_3;
			sourceTree = "<group>";
		};
		60983BF522B1CFAB00C147F8 /* Practica_3Tests */ = {
			isa = PBXGroup;
			children = (
				60983BF622B1CFAB00C147F8 /* Practica_3Tests.swift */,
				60983BF822B1CFAB00C147F8 /* Info.plist */,
			);
			path = Practica_3Tests;
			sourceTree = "<group>";
		};
		60983C0022B1CFAB00C147F8 /* Practica_3UITests */ = {
			isa = PBXGroup;
			children = (
				60983C0122B1CFAB00C147F8 /* Practica_3UITests.swift */,
				60983C0322B1CFAB00C147F8 /* Info.plist */,
			);
			path = Practica_3UITests;
			sourceTree = "<group>";
		};
		60983C1122B1D3FE00C147F8 /* Models */ = {
			isa = PBXGroup;
			children = (
				60983C1222B1D43100C147F8 /* TaskModel.swift */,
			);
			path = Models;
			sourceTree = "<group>";
		};
/* End PBXGroup section */

/* Begin PBXNativeTarget section */
		60983BDA22B1CFA600C147F8 /* Practica_3 */ = {
			isa = PBXNativeTarget;
			buildConfigurationList = 60983C0622B1CFAB00C147F8 /* Build configuration list for PBXNativeTarget "Practica_3" */;
			buildPhases = (
				60983BD722B1CFA600C147F8 /* Sources */,
				60983BD822B1CFA600C147F8 /* Frameworks */,
				60983BD922B1CFA600C147F8 /* Resources */,
			);
			buildRules = (
			);
			dependencies = (
			);
			name = Practica_3;
			productName = Practica_3;
			productReference = 60983BDB22B1CFA600C147F8 /* Practica_3.app */;
			productType = "com.apple.product-type.application";
		};
		60983BF122B1CFAB00C147F8 /* Practica_3Tests */ = {
			isa = PBXNativeTarget;
			buildConfigurationList = 60983C0922B1CFAB00C147F8 /* Build configuration list for PBXNativeTarget "Practica_3Tests" */;
			buildPhases = (
				60983BEE22B1CFAB00C147F8 /* Sources */,
				60983BEF22B1CFAB00C147F8 /* Frameworks */,
				60983BF022B1CFAB00C147F8 /* Resources */,
			);
			buildRules = (
			);
			dependencies = (
				60983BF422B1CFAB00C147F8 /* PBXTargetDependency */,
			);
			name = Practica_3Tests;
			productName = Practica_3Tests;
			productReference = 60983BF222B1CFAB00C147F8 /* Practica_3Tests.xctest */;
			productType = "com.apple.product-type.bundle.unit-test";
		};
		60983BFC22B1CFAB00C147F8 /* Practica_3UITests */ = {
			isa = PBXNativeTarget;
			buildConfigurationList = 60983C0C22B1CFAB00C147F8 /* Build configuration list for PBXNativeTarget "Practica_3UITests" */;
			buildPhases = (
				60983BF922B1CFAB00C147F8 /* Sources */,
				60983BFA22B1CFAB00C147F8 /* Frameworks */,
				60983BFB22B1CFAB00C147F8 /* Resources */,
			);
			buildRules = (
			);
			dependencies = (
				60983BFF22B1CFAB00C147F8 /* PBXTargetDependency */,
			);
			name = Practica_3UITests;
			productName = Practica_3UITests;
			productReference = 60983BFD22B1CFAB00C147F8 /* Practica_3UITests.xctest */;
			productType = "com.apple.product-type.bundle.ui-testing";
		};
/* End PBXNativeTarget section */

/* Begin PBXProject section */
		60983BD322B1CFA600C147F8 /* Project object */ = {
			isa = PBXProject;
			attributes = {
				LastSwiftUpdateCheck = 1020;
				LastUpgradeCheck = 1020;
				ORGANIZATIONNAME = DesarrolloCecy;
				TargetAttributes = {
					60983BDA22B1CFA600C147F8 = {
						CreatedOnToolsVersion = 10.2.1;
					};
					60983BF122B1CFAB00C147F8 = {
						CreatedOnToolsVersion = 10.2.1;
						TestTargetID = 60983BDA22B1CFA600C147F8;
					};
					60983BFC22B1CFAB00C147F8 = {
						CreatedOnToolsVersion = 10.2.1;
						TestTargetID = 60983BDA22B1CFA600C147F8;
					};
				};
			};
			buildConfigurationList = 60983BD622B1CFA600C147F8 /* Build configuration list for PBXProject "Practica_3" */;
			compatibilityVersion = "Xcode 9.3";
			developmentRegion = en;
			hasScannedForEncodings = 0;
			knownRegions = (
				en,
				Base,
			);
			mainGroup = 60983BD222B1CFA600C147F8;
			productRefGroup = 60983BDC22B1CFA600C147F8 /* Products */;
			projectDirPath = "";
			projectRoot = "";
			targets = (
				60983BDA22B1CFA600C147F8 /* Practica_3 */,
				60983BF122B1CFAB00C147F8 /* Practica_3Tests */,
				60983BFC22B1CFAB00C147F8 /* Practica_3UITests */,
			);
		};
/* End PBXProject section */

/* Begin PBXResourcesBuildPhase section */
		60983BD922B1CFA600C147F8 /* Resources */ = {
			isa = PBXResourcesBuildPhase;
			buildActionMask = 2147483647;
			files = (
				60983BEC22B1CFAB00C147F8 /* LaunchScreen.storyboard in Resources */,
				60983BE922B1CFAB00C147F8 /* Assets.xcassets in Resources */,
				60983BE422B1CFA600C147F8 /* Main.storyboard in Resources */,
			);
			runOnlyForDeploymentPostprocessing = 0;
		};
		60983BF022B1CFAB00C147F8 /* Resources */ = {
			isa = PBXResourcesBuildPhase;
			buildActionMask = 2147483647;
			files = (
			);
			runOnlyForDeploymentPostprocessing = 0;
		};
		60983BFB22B1CFAB00C147F8 /* Resources */ = {
			isa = PBXResourcesBuildPhase;
			buildActionMask = 2147483647;
			files = (
			);
			runOnlyForDeploymentPostprocessing = 0;
		};
/* End PBXResourcesBuildPhase section */

/* Begin PBXSourcesBuildPhase section */
		60983BD722B1CFA600C147F8 /* Sources */ = {
			isa = PBXSourcesBuildPhase;
			buildActionMask = 2147483647;
			files = (
				60983BE122B1CFA600C147F8 /* ViewController.swift in Sources */,
				60983C1022B1D31F00C147F8 /* MoreViewController.swift in Sources */,
				60983C1322B1D43100C147F8 /* TaskModel.swift in Sources */,
				60983BDF22B1CFA600C147F8 /* AppDelegate.swift in Sources */,
				60983BE722B1CFA600C147F8 /* Practica_3.xcdatamodeld in Sources */,
			);
			runOnlyForDeploymentPostprocessing = 0;
		};
		60983BEE22B1CFAB00C147F8 /* Sources */ = {
			isa = PBXSourcesBuildPhase;
			buildActionMask = 2147483647;
			files = (
				60983BF722B1CFAB00C147F8 /* Practica_3Tests.swift in Sources */,
			);
			runOnlyForDeploymentPostprocessing = 0;
		};
		60983BF922B1CFAB00C147F8 /* Sources */ = {
			isa = PBXSourcesBuildPhase;
			buildActionMask = 2147483647;
			files = (
				60983C0222B1CFAB00C147F8 /* Practica_3UITests.swift in Sources */,
			);
			runOnlyForDeploymentPostprocessing = 0;
		};
/* End PBXSourcesBuildPhase section */

/* Begin PBXTargetDependency section */
		60983BF422B1CFAB00C147F8 /* PBXTargetDependency */ = {
			isa = PBXTargetDependency;
			target = 60983BDA22B1CFA600C147F8 /* Practica_3 */;
			targetProxy = 60983BF322B1CFAB00C147F8 /* PBXContainerItemProxy */;
		};
		60983BFF22B1CFAB00C147F8 /* PBXTargetDependency */ = {
			isa = PBXTargetDependency;
			target = 60983BDA22B1CFA600C147F8 /* Practica_3 */;
			targetProxy = 60983BFE22B1CFAB00C147F8 /* PBXContainerItemProxy */;
		};
/* End PBXTargetDependency section */

/* Begin PBXVariantGroup section */
		60983BE222B1CFA600C147F8 /* Main.storyboard */ = {
			isa = PBXVariantGroup;
			children = (
				60983BE322B1CFA600C147F8 /* Base */,
			);
			name = Main.storyboard;
			sourceTree = "<group>";
		};
		60983BEA22B1CFAB00C147F8 /* LaunchScreen.storyboard */ = {
			isa = PBXVariantGroup;
			children = (
				60983BEB22B1CFAB00C147F8 /* Base */,
			);
			name = LaunchScreen.storyboard;
			sourceTree = "<group>";
		};
/* End PBXVariantGroup section */

/* Begin XCBuildConfiguration section */
		60983C0422B1CFAB00C147F8 /* Debug */ = {
			isa = XCBuildConfiguration;
			buildSettings = {
				ALWAYS_SEARCH_USER_PATHS = NO;
				CLANG_ANALYZER_NONNULL = YES;
				CLANG_ANALYZER_NUMBER_OBJECT_CONVERSION = YES_AGGRESSIVE;
				CLANG_CXX_LANGUAGE_STANDARD = "gnu++14";
				CLANG_CXX_LIBRARY = "libc++";
				CLANG_ENABLE_MODULES = YES;
				CLANG_ENABLE_OBJC_ARC = YES;
				CLANG_ENABLE_OBJC_WEAK = YES;
				CLANG_WARN_BLOCK_CAPTURE_AUTORELEASING = YES;
				CLANG_WARN_BOOL_CONVERSION = YES;
				CLANG_WARN_COMMA = YES;
				CLANG_WARN_CONSTANT_CONVERSION = YES;
				CLANG_WARN_DEPRECATED_OBJC_IMPLEMENTATIONS = YES;
				CLANG_WARN_DIRECT_OBJC_ISA_USAGE = YES_ERROR;
				CLANG_WARN_DOCUMENTATION_COMMENTS = YES;
				CLANG_WARN_EMPTY_BODY = YES;
				CLANG_WARN_ENUM_CONVERSION = YES;
				CLANG_WARN_INFINITE_RECURSION = YES;
				CLANG_WARN_INT_CONVERSION = YES;
				CLANG_WARN_NON_LITERAL_NULL_CONVERSION = YES;
				CLANG_WARN_OBJC_IMPLICIT_RETAIN_SELF = YES;
				CLANG_WARN_OBJC_LITERAL_CONVERSION = YES;
				CLANG_WARN_OBJC_ROOT_CLASS = YES_ERROR;
				CLANG_WARN_RANGE_LOOP_ANALYSIS = YES;
				CLANG_WARN_STRICT_PROTOTYPES = YES;
				CLANG_WARN_SUSPICIOUS_MOVE = YES;
				CLANG_WARN_UNGUARDED_AVAILABILITY = YES_AGGRESSIVE;
				CLANG_WARN_UNREACHABLE_CODE = YES;
				CLANG_WARN__DUPLICATE_METHOD_MATCH = YES;
				CODE_SIGN_IDENTITY = "iPhone Developer";
				COPY_PHASE_STRIP = NO;
				DEBUG_INFORMATION_FORMAT = dwarf;
				ENABLE_STRICT_OBJC_MSGSEND = YES;
				ENABLE_TESTABILITY = YES;
				GCC_C_LANGUAGE_STANDARD = gnu11;
				GCC_DYNAMIC_NO_PIC = NO;
				GCC_NO_COMMON_BLOCKS = YES;
				GCC_OPTIMIZATION_LEVEL = 0;
				GCC_PREPROCESSOR_DEFINITIONS = (
					"DEBUG=1",
					"$(inherited)",
				);
				GCC_WARN_64_TO_32_BIT_CONVERSION = YES;
				GCC_WARN_ABOUT_RETURN_TYPE = YES_ERROR;
				GCC_WARN_UNDECLARED_SELECTOR = YES;
				GCC_WARN_UNINITIALIZED_AUTOS = YES_AGGRESSIVE;
				GCC_WARN_UNUSED_FUNCTION = YES;
				GCC_WARN_UNUSED_VARIABLE = YES;
				IPHONEOS_DEPLOYMENT_TARGET = 12.2;
				MTL_ENABLE_DEBUG_INFO = INCLUDE_SOURCE;
				MTL_FAST_MATH = YES;
				ONLY_ACTIVE_ARCH = YES;
				SDKROOT = iphoneos;
				SWIFT_ACTIVE_COMPILATION_CONDITIONS = DEBUG;
				SWIFT_OPTIMIZATION_LEVEL = "-Onone";
			};
			name = Debug;
		};
		60983C0522B1CFAB00C147F8 /* Release */ = {
			isa = XCBuildConfiguration;
			buildSettings = {
				ALWAYS_SEARCH_USER_PATHS = NO;
				CLANG_ANALYZER_NONNULL = YES;
				CLANG_ANALYZER_NUMBER_OBJECT_CONVERSION = YES_AGGRESSIVE;
				CLANG_CXX_LANGUAGE_STANDARD = "gnu++14";
				CLANG_CXX_LIBRARY = "libc++";
				CLANG_ENABLE_MODULES = YES;
				CLANG_ENABLE_OBJC_ARC = YES;
				CLANG_ENABLE_OBJC_WEAK = YES;
				CLANG_WARN_BLOCK_CAPTURE_AUTORELEASING = YES;
				CLANG_WARN_BOOL_CONVERSION = YES;
				CLANG_WARN_COMMA = YES;
				CLANG_WARN_CONSTANT_CONVERSION = YES;
				CLANG_WARN_DEPRECATED_OBJC_IMPLEMENTATIONS = YES;
				CLANG_WARN_DIRECT_OBJC_ISA_USAGE = YES_ERROR;
				CLANG_WARN_DOCUMENTATION_COMMENTS = YES;
				CLANG_WARN_EMPTY_BODY = YES;
				CLANG_WARN_ENUM_CONVERSION = YES;
				CLANG_WARN_INFINITE_RECURSION = YES;
				CLANG_WARN_INT_CONVERSION = YES;
				CLANG_WARN_NON_LITERAL_NULL_CONVERSION = YES;
				CLANG_WARN_OBJC_IMPLICIT_RETAIN_SELF = YES;
				CLANG_WARN_OBJC_LITERAL_CONVERSION = YES;
				CLANG_WARN_OBJC_ROOT_CLASS = YES_ERROR;
				CLANG_WARN_RANGE_LOOP_ANALYSIS = YES;
				CLANG_WARN_STRICT_PROTOTYPES = YES;
				CLANG_WARN_SUSPICIOUS_MOVE = YES;
				CLANG_WARN_UNGUARDED_AVAILABILITY = YES_AGGRESSIVE;
				CLANG_WARN_UNREACHABLE_CODE = YES;
				CLANG_WARN__DUPLICATE_METHOD_MATCH = YES;
				CODE_SIGN_IDENTITY = "iPhone Developer";
				COPY_PHASE_STRIP = NO;
				DEBUG_INFORMATION_FORMAT = "dwarf-with-dsym";
				ENABLE_NS_ASSERTIONS = NO;
				ENABLE_STRICT_OBJC_MSGSEND = YES;
				GCC_C_LANGUAGE_STANDARD = gnu11;
				GCC_NO_COMMON_BLOCKS = YES;
				GCC_WARN_64_TO_32_BIT_CONVERSION = YES;
				GCC_WARN_ABOUT_RETURN_TYPE = YES_ERROR;
				GCC_WARN_UNDECLARED_SELECTOR = YES;
				GCC_WARN_UNINITIALIZED_AUTOS = YES_AGGRESSIVE;
				GCC_WARN_UNUSED_FUNCTION = YES;
				GCC_WARN_UNUSED_VARIABLE = YES;
				IPHONEOS_DEPLOYMENT_TARGET = 12.2;
				MTL_ENABLE_DEBUG_INFO = NO;
				MTL_FAST_MATH = YES;
				SDKROOT = iphoneos;
				SWIFT_COMPILATION_MODE = wholemodule;
				SWIFT_OPTIMIZATION_LEVEL = "-O";
				VALIDATE_PRODUCT = YES;
			};
			name = Release;
		};
		60983C0722B1CFAB00C147F8 /* Debug */ = {
			isa = XCBuildConfiguration;
			buildSettings = {
				ASSETCATALOG_COMPILER_APPICON_NAME = AppIcon;
				CODE_SIGN_STYLE = Automatic;
				INFOPLIST_FILE = Practica_3/Info.plist;
				LD_RUNPATH_SEARCH_PATHS = (
					"$(inherited)",
					"@executable_path/Frameworks",
				);
				PRODUCT_BUNDLE_IDENTIFIER = "udg.mx.Practica-3";
				PRODUCT_NAME = "$(TARGET_NAME)";
				SWIFT_VERSION = 5.0;
				TARGETED_DEVICE_FAMILY = "1,2";
			};
			name = Debug;
		};
		60983C0822B1CFAB00C147F8 /* Release */ = {
			isa = XCBuildConfiguration;
			buildSettings = {
				ASSETCATALOG_COMPILER_APPICON_NAME = AppIcon;
				CODE_SIGN_STYLE = Automatic;
				INFOPLIST_FILE = Practica_3/Info.plist;
				LD_RUNPATH_SEARCH_PATHS = (
					"$(inherited)",
					"@executable_path/Frameworks",
				);
				PRODUCT_BUNDLE_IDENTIFIER = "udg.mx.Practica-3";
				PRODUCT_NAME = "$(TARGET_NAME)";
				SWIFT_VERSION = 5.0;
				TARGETED_DEVICE_FAMILY = "1,2";
			};
			name = Release;
		};
		60983C0A22B1CFAB00C147F8 /* Debug */ = {
			isa = XCBuildConfiguration;
			buildSettings = {
				ALWAYS_EMBED_SWIFT_STANDARD_LIBRARIES = YES;
				BUNDLE_LOADER = "$(TEST_HOST)";
				CODE_SIGN_STYLE = Automatic;
				INFOPLIST_FILE = Practica_3Tests/Info.plist;
				LD_RUNPATH_SEARCH_PATHS = (
					"$(inherited)",
					"@executable_path/Frameworks",
					"@loader_path/Frameworks",
				);
				PRODUCT_BUNDLE_IDENTIFIER = "com.miAplicacion.cucea.Practica-3Tests";
				PRODUCT_NAME = "$(TARGET_NAME)";
				SWIFT_VERSION = 5.0;
				TARGETED_DEVICE_FAMILY = "1,2";
				TEST_HOST = "$(BUILT_PRODUCTS_DIR)/Practica_3.app/Practica_3";
			};
			name = Debug;
		};
		60983C0B22B1CFAB00C147F8 /* Release */ = {
			isa = XCBuildConfiguration;
			buildSettings = {
				ALWAYS_EMBED_SWIFT_STANDARD_LIBRARIES = YES;
				BUNDLE_LOADER = "$(TEST_HOST)";
				CODE_SIGN_STYLE = Automatic;
				INFOPLIST_FILE = Practica_3Tests/Info.plist;
				LD_RUNPATH_SEARCH_PATHS = (
					"$(inherited)",
					"@executable_path/Frameworks",
					"@loader_path/Frameworks",
				);
				PRODUCT_BUNDLE_IDENTIFIER = "com.miAplicacion.cucea.Practica-3Tests";
				PRODUCT_NAME = "$(TARGET_NAME)";
				SWIFT_VERSION = 5.0;
				TARGETED_DEVICE_FAMILY = "1,2";
				TEST_HOST = "$(BUILT_PRODUCTS_DIR)/Practica_3.app/Practica_3";
			};
			name = Release;
		};
		60983C0D22B1CFAB00C147F8 /* Debug */ = {
			isa = XCBuildConfiguration;
			buildSettings = {
				ALWAYS_EMBED_SWIFT_STANDARD_LIBRARIES = YES;
				CODE_SIGN_STYLE = Automatic;
				INFOPLIST_FILE = Practica_3UITests/Info.plist;
				LD_RUNPATH_SEARCH_PATHS = (
					"$(inherited)",
					"@executable_path/Frameworks",
					"@loader_path/Frameworks",
				);
				PRODUCT_BUNDLE_IDENTIFIER = "com.miAplicacion.cucea.Practica-3UITests";
				PRODUCT_NAME = "$(TARGET_NAME)";
				SWIFT_VERSION = 5.0;
				TARGETED_DEVICE_FAMILY = "1,2";
				TEST_TARGET_NAME = Practica_3;
			};
			name = Debug;
		};
		60983C0E22B1CFAB00C147F8 /* Release */ = {
			isa = XCBuildConfiguration;
			buildSettings = {
				ALWAYS_EMBED_SWIFT_STANDARD_LIBRARIES = YES;
				CODE_SIGN_STYLE = Automatic;
				INFOPLIST_FILE = Practica_3UITests/Info.plist;
				LD_RUNPATH_SEARCH_PATHS = (
					"$(inherited)",
					"@executable_path/Frameworks",
					"@loader_path/Frameworks",
				);
				PRODUCT_BUNDLE_IDENTIFIER = "com.miAplicacion.cucea.Practica-3UITests";
				PRODUCT_NAME = "$(TARGET_NAME)";
				SWIFT_VERSION = 5.0;
				TARGETED_DEVICE_FAMILY = "1,2";
				TEST_TARGET_NAME = Practica_3;
			};
			name = Release;
		};
/* End XCBuildConfiguration section */

/* Begin XCConfigurationList section */
		60983BD622B1CFA600C147F8 /* Build configuration list for PBXProject "Practica_3" */ = {
			isa = XCConfigurationList;
			buildConfigurations = (
				60983C0422B1CFAB00C147F8 /* Debug */,
				60983C0522B1CFAB00C147F8 /* Release */,
			);
			defaultConfigurationIsVisible = 0;
			defaultConfigurationName = Release;
		};
		60983C0622B1CFAB00C147F8 /* Build configuration list for PBXNativeTarget "Practica_3" */ = {
			isa = XCConfigurationList;
			buildConfigurations = (
				60983C0722B1CFAB00C147F8 /* Debug */,
				60983C0822B1CFAB00C147F8 /* Release */,
			);
			defaultConfigurationIsVisible = 0;
			defaultConfigurationName = Release;
		};
		60983C0922B1CFAB00C147F8 /* Build configuration list for PBXNativeTarget "Practica_3Tests" */ = {
			isa = XCConfigurationList;
			buildConfigurations = (
				60983C0A22B1CFAB00C147F8 /* Debug */,
				60983C0B22B1CFAB00C147F8 /* Release */,
			);
			defaultConfigurationIsVisible = 0;
			defaultConfigurationName = Release;
		};
		60983C0C22B1CFAB00C147F8 /* Build configuration list for PBXNativeTarget "Practica_3UITests" */ = {
			isa = XCConfigurationList;
			buildConfigurations = (
				60983C0D22B1CFAB00C147F8 /* Debug */,
				60983C0E22B1CFAB00C147F8 /* Release */,
			);
			defaultConfigurationIsVisible = 0;
			defaultConfigurationName = Release;
		};
/* End XCConfigurationList section */

/* Begin XCVersionGroup section */
		60983BE522B1CFA600C147F8 /* Practica_3.xcdatamodeld */ = {
			isa = XCVersionGroup;
			children = (
				60983BE622B1CFA600C147F8 /* Practica_3.xcdatamodel */,
			);
			currentVersion = 60983BE622B1CFA600C147F8 /* Practica_3.xcdatamodel */;
			path = Practica_3.xcdatamodeld;
			sourceTree = "<group>";
			versionGroupType = wrapper.xcdatamodel;
		};
/* End XCVersionGroup section */
	};
	rootObject = 60983BD322B1CFA600C147F8 /* Project object */;
}
